
Microsoft Visual Studio Solution File, Format Version 12.00
# Visual Studio Version 17
VisualStudioVersion = 17.14.37216.2 d17.14
MinimumVisualStudioVersion = 10.0.40219.1
Project("{FAE04EC0-301F-11D3-BF4B-00C04F79EFBC}") = "Pharmacy_Project", "Pharmacy_Project\Pharmacy_Project.csproj", "{4406AF9A-2AFC-43B3-8209-632F3D698499}"
EndProject
Global
	GlobalSection(SolutionConfigurationPlatforms) = preSolution
		Debug|Any CPU = Debug|Any CPU
		Release|Any CPU = Release|Any CPU
	EndGlobalSection
	GlobalSection(ProjectConfigurationPlatforms) = postSolution
		{4406AF9A-2AFC-43B3-8209-632F3D698499}.Debug|Any CPU.ActiveCfg = Debug|Any CPU
		{4406AF9A-2AFC-43B3-8209-632F3D698499}.Debug|Any CPU.Build.0 = Debug|Any CPU
		{4406AF9A-2AFC-43B3-8209-632F3D698499}.Release|Any CPU.ActiveCfg = Release|Any CPU
		{4406AF9A-2AFC-43B3-8209-632F3D698499}.Release|Any CPU.Build.0 = Release|Any CPU
	EndGlobalSection
	GlobalSection(SolutionProperties) = preSolution
		HideSolutionNode = FALSE
	EndGlobalSection
	GlobalSection(ExtensibilityGlobals) = postSolution
		SolutionGuid = {F9C6B2F0-ECCF-42C8-A889-580419BC50DA}
	EndGlobalSection
EndGlobal
